
Microsoft Visual Studio Solution File, Format Version 12.00
# Visual Studio 15
VisualStudioVersion = 15.0.27703.2042
MinimumVisualStudioVersion = 10.0.40219.1
Project("{FAE04EC0-301F-11D3-BF4B-00C04F79EFBC}") = "Less12", "Less12\Less12.csproj", "{5BB3D8C6-87E0-43F2-93F1-26EEA4A40C89}"
EndProject
Global
	GlobalSection(SolutionConfigurationPlatforms) = preSolution
		Debug|Any CPU = Debug|Any CPU
		Release|Any CPU = Release|Any CPU
	EndGlobalSection
	GlobalSection(ProjectConfigurationPlatforms) = postSolution
		{5BB3D8C6-87E0-43F2-93F1-26EEA4A40C89}.Debug|Any CPU.ActiveCfg = Debug|Any CPU
		{5BB3D8C6-87E0-43F2-93F1-26EEA4A40C89}.Debug|Any CPU.Build.0 = Debug|Any CPU
		{5BB3D8C6-87E0-43F2-93F1-26EEA4A40C89}.Release|Any CPU.ActiveCfg = Release|Any CPU
		{5BB3D8C6-87E0-43F2-93F1-26EEA4A40C89}.Release|Any CPU.Build.0 = Release|Any CPU
	EndGlobalSection
	GlobalSection(SolutionProperties) = preSolution
		HideSolutionNode = FALSE
	EndGlobalSection
	GlobalSection(ExtensibilityGlobals) = postSolution
		SolutionGuid = {019C38A0-4B37-47B1-ABC2-38565A4EF9E6}
	EndGlobalSection
EndGlobal
